
Microsoft Visual Studio Solution File, Format Version 12.00
# Visual Studio Version 17
VisualStudioVersion = 17.9.34622.214
MinimumVisualStudioVersion = 10.0.40219.1
Project("{FAE04EC0-301F-11D3-BF4B-00C04F79EFBC}") = "HolidaySearch", "HolidaySearch\HolidaySearch.csproj", "{612E3048-A9BA-44F0-87BF-836AEB74544C}"
EndProject
Project("{FAE04EC0-301F-11D3-BF4B-00C04F79EFBC}") = "HolidaySearch.Tests", "HolidaySearchFlights.Tests\HolidaySearch.Tests.csproj", "{E1AFC70A-449C-47CF-9228-0006253AFBED}"
EndProject
Global
	GlobalSection(SolutionConfigurationPlatforms) = preSolution
		Debug|Any CPU = Debug|Any CPU
		Release|Any CPU = Release|Any CPU
	EndGlobalSection
	GlobalSection(ProjectConfigurationPlatforms) = postSolution
		{612E3048-A9BA-44F0-87BF-836AEB74544C}.Debug|Any CPU.ActiveCfg = Debug|Any CPU
		{612E3048-A9BA-44F0-87BF-836AEB74544C}.Debug|Any CPU.Build.0 = Debug|Any CPU
		{612E3048-A9BA-44F0-87BF-836AEB74544C}.Release|Any CPU.ActiveCfg = Release|Any CPU
		{612E3048-A9BA-44F0-87BF-836AEB74544C}.Release|Any CPU.Build.0 = Release|Any CPU
		{E1AFC70A-449C-47CF-9228-0006253AFBED}.Debug|Any CPU.ActiveCfg = Debug|Any CPU
		{E1AFC70A-449C-47CF-9228-0006253AFBED}.Debug|Any CPU.Build.0 = Debug|Any CPU
		{E1AFC70A-449C-47CF-9228-0006253AFBED}.Release|Any CPU.ActiveCfg = Release|Any CPU
		{E1AFC70A-449C-47CF-9228-0006253AFBED}.Release|Any CPU.Build.0 = Release|Any CPU
	EndGlobalSection
	GlobalSection(SolutionProperties) = preSolution
		HideSolutionNode = FALSE
	EndGlobalSection
	GlobalSection(ExtensibilityGlobals) = postSolution
		SolutionGuid = {F3BEA4E2-2E1A-41CA-B9DC-140BC5169AC6}
	EndGlobalSection
EndGlobal
